// !$*UTF8*$!
{
	archiveVersion = 1;
	classes = {
	};
	objectVersion = 56;
	objects = {

/* Begin PBXBuildFile section */
		3A31BE9D2B73DFA100872640 /* MainDish in Frameworks */ = {isa = PBXBuildFile; productRef = 3A31BE9C2B73DFA100872640 /* MainDish */; };
		3A31BE9F2B73DFCE00872640 /* InMemoryAppFlowFactory.swift in Sources */ = {isa = PBXBuildFile; fileRef = 3A31BE9E2B73DFCE00872640 /* InMemoryAppFlowFactory.swift */; };
		3A31BEA12B73DFE000872640 /* DummyAppFlowFactory.swift in Sources */ = {isa = PBXBuildFile; fileRef = 3A31BEA02B73DFE000872640 /* DummyAppFlowFactory.swift */; };
		3A605C8D2A8E27350053496F /* SuperDishApp.swift in Sources */ = {isa = PBXBuildFile; fileRef = 3A605C8C2A8E27350053496F /* SuperDishApp.swift */; };
		3A605C912A8E27370053496F /* Assets.xcassets in Resources */ = {isa = PBXBuildFile; fileRef = 3A605C902A8E27370053496F /* Assets.xcassets */; };
		3A605C942A8E27370053496F /* Preview Assets.xcassets in Resources */ = {isa = PBXBuildFile; fileRef = 3A605C932A8E27370053496F /* Preview Assets.xcassets */; };
/* End PBXBuildFile section */

/* Begin PBXContainerItemProxy section */
		3A605CAE2A8F46A90053496F /* PBXContainerItemProxy */ = {
			isa = PBXContainerItemProxy;
			containerPortal = 3A605C812A8E27350053496F /* Project object */;
			proxyType = 1;
			remoteGlobalIDString = 3A605C882A8E27350053496F;
			remoteInfo = SuperDish;
		};
/* End PBXContainerItemProxy section */

/* Begin PBXFileReference section */
		3A31BE9E2B73DFCE00872640 /* InMemoryAppFlowFactory.swift */ = {isa = PBXFileReference; lastKnownFileType = sourcecode.swift; path = InMemoryAppFlowFactory.swift; sourceTree = "<group>"; };
		3A31BEA02B73DFE000872640 /* DummyAppFlowFactory.swift */ = {isa = PBXFileReference; lastKnownFileType = sourcecode.swift; path = DummyAppFlowFactory.swift; sourceTree = "<group>"; };
		3A31BEA22B73E03700872640 /* MainDish.xctestplan */ = {isa = PBXFileReference; lastKnownFileType = text; path = MainDish.xctestplan; sourceTree = "<group>"; };
		3A3766E32B34434F0067E363 /* Info.plist */ = {isa = PBXFileReference; lastKnownFileType = text.plist; path = Info.plist; sourceTree = "<group>"; };
		3A3766E62B3550BB0067E363 /* MainDish */ = {isa = PBXFileReference; lastKnownFileType = wrapper; path = MainDish; sourceTree = "<group>"; };
		3A605C892A8E27350053496F /* SuperDish.app */ = {isa = PBXFileReference; explicitFileType = wrapper.application; includeInIndex = 0; path = SuperDish.app; sourceTree = BUILT_PRODUCTS_DIR; };
		3A605C8C2A8E27350053496F /* SuperDishApp.swift */ = {isa = PBXFileReference; lastKnownFileType = sourcecode.swift; path = SuperDishApp.swift; sourceTree = "<group>"; };
		3A605C902A8E27370053496F /* Assets.xcassets */ = {isa = PBXFileReference; lastKnownFileType = folder.assetcatalog; path = Assets.xcassets; sourceTree = "<group>"; };
		3A605C932A8E27370053496F /* Preview Assets.xcassets */ = {isa = PBXFileReference; lastKnownFileType = folder.assetcatalog; path = "Preview Assets.xcassets"; sourceTree = "<group>"; };
		3A605C9A2A8E27370053496F /* SuperDish.entitlements */ = {isa = PBXFileReference; lastKnownFileType = text.plist.entitlements; path = SuperDish.entitlements; sourceTree = "<group>"; };
		3A605CAA2A8F46A90053496F /* SuperDishTests.xctest */ = {isa = PBXFileReference; explicitFileType = wrapper.cfbundle; includeInIndex = 0; path = SuperDishTests.xctest; sourceTree = BUILT_PRODUCTS_DIR; };
/* End PBXFileReference section */

/* Begin PBXFrameworksBuildPhase section */
		3A605C862A8E27350053496F /* Frameworks */ = {
			isa = PBXFrameworksBuildPhase;
			buildActionMask = 2147483647;
			files = (
				3A31BE9D2B73DFA100872640 /* MainDish in Frameworks */,
			);
			runOnlyForDeploymentPostprocessing = 0;
		};
		3A605CA72A8F46A90053496F /* Frameworks */ = {
			isa = PBXFrameworksBuildPhase;
			buildActionMask = 2147483647;
			files = (
			);
			runOnlyForDeploymentPostprocessing = 0;
		};
/* End PBXFrameworksBuildPhase section */

/* Begin PBXGroup section */
		3A31BE9B2B73DFA100872640 /* Frameworks */ = {
			isa = PBXGroup;
			children = (
			);
			name = Frameworks;
			sourceTree = "<group>";
		};
		3A605C802A8E27350053496F = {
			isa = PBXGroup;
			children = (
				3A31BEA22B73E03700872640 /* MainDish.xctestplan */,
				3A3766E62B3550BB0067E363 /* MainDish */,
				3A605C8B2A8E27350053496F /* SuperDish */,
				3A605CAB2A8F46A90053496F /* SuperDishTests */,
				3A605C8A2A8E27350053496F /* Products */,
				3A31BE9B2B73DFA100872640 /* Frameworks */,
			);
			sourceTree = "<group>";
		};
		3A605C8A2A8E27350053496F /* Products */ = {
			isa = PBXGroup;
			children = (
				3A605C892A8E27350053496F /* SuperDish.app */,
				3A605CAA2A8F46A90053496F /* SuperDishTests.xctest */,
			);
			name = Products;
			sourceTree = "<group>";
		};
		3A605C8B2A8E27350053496F /* SuperDish */ = {
			isa = PBXGroup;
			children = (
				3A3766E32B34434F0067E363 /* Info.plist */,
				3A605C8C2A8E27350053496F /* SuperDishApp.swift */,
				3A31BEA02B73DFE000872640 /* DummyAppFlowFactory.swift */,
				3A31BE9E2B73DFCE00872640 /* InMemoryAppFlowFactory.swift */,
				3A605C902A8E27370053496F /* Assets.xcassets */,
				3A605C9A2A8E27370053496F /* SuperDish.entitlements */,
				3A605C922A8E27370053496F /* Preview Content */,
			);
			path = SuperDish;
			sourceTree = "<group>";
		};
		3A605C922A8E27370053496F /* Preview Content */ = {
			isa = PBXGroup;
			children = (
				3A605C932A8E27370053496F /* Preview Assets.xcassets */,
			);
			path = "Preview Content";
			sourceTree = "<group>";
		};
		3A605CAB2A8F46A90053496F /* SuperDishTests */ = {
			isa = PBXGroup;
			children = (
			);
			path = SuperDishTests;
			sourceTree = "<group>";
		};
/* End PBXGroup section */

/* Begin PBXNativeTarget section */
		3A605C882A8E27350053496F /* SuperDish */ = {
			isa = PBXNativeTarget;
			buildConfigurationList = 3A605C9D2A8E27370053496F /* Build configuration list for PBXNativeTarget "SuperDish" */;
			buildPhases = (
				3A605C852A8E27350053496F /* Sources */,
				3A605C862A8E27350053496F /* Frameworks */,
				3A605C872A8E27350053496F /* Resources */,
			);
			buildRules = (
			);
			dependencies = (
			);
			name = SuperDish;
			packageProductDependencies = (
				3A31BE9C2B73DFA100872640 /* MainDish */,
			);
			productName = SuperDish;
			productReference = 3A605C892A8E27350053496F /* SuperDish.app */;
			productType = "com.apple.product-type.application";
		};
		3A605CA92A8F46A90053496F /* SuperDishTests */ = {
			isa = PBXNativeTarget;
			buildConfigurationList = 3A605CB22A8F46A90053496F /* Build configuration list for PBXNativeTarget "SuperDishTests" */;
			buildPhases = (
				3A605CA62A8F46A90053496F /* Sources */,
				3A605CA72A8F46A90053496F /* Frameworks */,
				3A605CA82A8F46A90053496F /* Resources */,
			);
			buildRules = (
			);
			dependencies = (
				3A605CAF2A8F46A90053496F /* PBXTargetDependency */,
			);
			name = SuperDishTests;
			productName = SuperDishTests;
			productReference = 3A605CAA2A8F46A90053496F /* SuperDishTests.xctest */;
			productType = "com.apple.product-type.bundle.unit-test";
		};
/* End PBXNativeTarget section */

/* Begin PBXProject section */
		3A605C812A8E27350053496F /* Project object */ = {
			isa = PBXProject;
			attributes = {
				BuildIndependentTargetsInParallel = 1;
				LastSwiftUpdateCheck = 1430;
				LastUpgradeCheck = 1430;
				TargetAttributes = {
					3A605C882A8E27350053496F = {
						CreatedOnToolsVersion = 14.3.1;
					};
					3A605CA92A8F46A90053496F = {
						CreatedOnToolsVersion = 14.3.1;
						TestTargetID = 3A605C882A8E27350053496F;
					};
				};
			};
			buildConfigurationList = 3A605C842A8E27350053496F /* Build configuration list for PBXProject "SuperDish" */;
			compatibilityVersion = "Xcode 14.0";
			developmentRegion = en;
			hasScannedForEncodings = 0;
			knownRegions = (
				en,
				Base,
			);
			mainGroup = 3A605C802A8E27350053496F;
			productRefGroup = 3A605C8A2A8E27350053496F /* Products */;
			projectDirPath = "";
			projectRoot = "";
			targets = (
				3A605C882A8E27350053496F /* SuperDish */,
				3A605CA92A8F46A90053496F /* SuperDishTests */,
			);
		};
/* End PBXProject section */

/* Begin PBXResourcesBuildPhase section */
		3A605C872A8E27350053496F /* Resources */ = {
			isa = PBXResourcesBuildPhase;
			buildActionMask = 2147483647;
			files = (
				3A605C942A8E27370053496F /* Preview Assets.xcassets in Resources */,
				3A605C912A8E27370053496F /* Assets.xcassets in Resources */,
			);
			runOnlyForDeploymentPostprocessing = 0;
		};
		3A605CA82A8F46A90053496F /* Resources */ = {
			isa = PBXResourcesBuildPhase;
			buildActionMask = 2147483647;
			files = (
			);
			runOnlyForDeploymentPostprocessing = 0;
		};
/* End PBXResourcesBuildPhase section */

/* Begin PBXSourcesBuildPhase section */
		3A605C852A8E27350053496F /* Sources */ = {
			isa = PBXSourcesBuildPhase;
			buildActionMask = 2147483647;
			files = (
				3A605C8D2A8E27350053496F /* SuperDishApp.swift in Sources */,
				3A31BEA12B73DFE000872640 /* DummyAppFlowFactory.swift in Sources */,
				3A31BE9F2B73DFCE00872640 /* InMemoryAppFlowFactory.swift in Sources */,
			);
			runOnlyForDeploymentPostprocessing = 0;
		};
		3A605CA62A8F46A90053496F /* Sources */ = {
			isa = PBXSourcesBuildPhase;
			buildActionMask = 2147483647;
			files = (
			);
			runOnlyForDeploymentPostprocessing = 0;
		};
/* End PBXSourcesBuildPhase section */

/* Begin PBXTargetDependency section */
		3A605CAF2A8F46A90053496F /* PBXTargetDependency */ = {
			isa = PBXTargetDependency;
			target = 3A605C882A8E27350053496F /* SuperDish */;
			targetProxy = 3A605CAE2A8F46A90053496F /* PBXContainerItemProxy */;
		};
/* End PBXTargetDependency section */

/* Begin XCBuildConfiguration section */
		3A605C9B2A8E27370053496F /* Debug */ = {
			isa = XCBuildConfiguration;
			buildSettings = {
				ALWAYS_SEARCH_USER_PATHS = NO;
				CLANG_ANALYZER_NONNULL = YES;
				CLANG_ANALYZER_NUMBER_OBJECT_CONVERSION = YES_AGGRESSIVE;
				CLANG_CXX_LANGUAGE_STANDARD = "gnu++20";
				CLANG_ENABLE_MODULES = YES;
				CLANG_ENABLE_OBJC_ARC = YES;
				CLANG_ENABLE_OBJC_WEAK = YES;
				CLANG_WARN_BLOCK_CAPTURE_AUTORELEASING = YES;
				CLANG_WARN_BOOL_CONVERSION = YES;
				CLANG_WARN_COMMA = YES;
				CLANG_WARN_CONSTANT_CONVERSION = YES;
				CLANG_WARN_DEPRECATED_OBJC_IMPLEMENTATIONS = YES;
				CLANG_WARN_DIRECT_OBJC_ISA_USAGE = YES_ERROR;
				CLANG_WARN_DOCUMENTATION_COMMENTS = YES;
				CLANG_WARN_EMPTY_BODY = YES;
				CLANG_WARN_ENUM_CONVERSION = YES;
				CLANG_WARN_INFINITE_RECURSION = YES;
				CLANG_WARN_INT_CONVERSION = YES;
				CLANG_WARN_NON_LITERAL_NULL_CONVERSION = YES;
				CLANG_WARN_OBJC_IMPLICIT_RETAIN_SELF = YES;
				CLANG_WARN_OBJC_LITERAL_CONVERSION = YES;
				CLANG_WARN_OBJC_ROOT_CLASS = YES_ERROR;
				CLANG_WARN_QUOTED_INCLUDE_IN_FRAMEWORK_HEADER = YES;
				CLANG_WARN_RANGE_LOOP_ANALYSIS = YES;
				CLANG_WARN_STRICT_PROTOTYPES = YES;
				CLANG_WARN_SUSPICIOUS_MOVE = YES;
				CLANG_WARN_UNGUARDED_AVAILABILITY = YES_AGGRESSIVE;
				CLANG_WARN_UNREACHABLE_CODE = YES;
				CLANG_WARN__DUPLICATE_METHOD_MATCH = YES;
				COPY_PHASE_STRIP = NO;
				DEBUG_INFORMATION_FORMAT = dwarf;
				ENABLE_STRICT_OBJC_MSGSEND = YES;
				ENABLE_TESTABILITY = YES;
				GCC_C_LANGUAGE_STANDARD = gnu11;
				GCC_DYNAMIC_NO_PIC = NO;
				GCC_NO_COMMON_BLOCKS = YES;
				GCC_OPTIMIZATION_LEVEL = 0;
				GCC_PREPROCESSOR_DEFINITIONS = (
					"DEBUG=1",
					"$(inherited)",
				);
				GCC_WARN_64_TO_32_BIT_CONVERSION = YES;
				GCC_WARN_ABOUT_RETURN_TYPE = YES_ERROR;
				GCC_WARN_UNDECLARED_SELECTOR = YES;
				GCC_WARN_UNINITIALIZED_AUTOS = YES_AGGRESSIVE;
				GCC_WARN_UNUSED_FUNCTION = YES;
				GCC_WARN_UNUSED_VARIABLE = YES;
				MACOSX_DEPLOYMENT_TARGET = 13.3;
				MTL_ENABLE_DEBUG_INFO = INCLUDE_SOURCE;
				MTL_FAST_MATH = YES;
				ONLY_ACTIVE_ARCH = YES;
				SDKROOT = macosx;
				SWIFT_ACTIVE_COMPILATION_CONDITIONS = DEBUG;
				SWIFT_OPTIMIZATION_LEVEL = "-Onone";
			};
			name = Debug;
		};
		3A605C9C2A8E27370053496F /* Release */ = {
			isa = XCBuildConfiguration;
			buildSettings = {
				ALWAYS_SEARCH_USER_PATHS = NO;
				CLANG_ANALYZER_NONNULL = YES;
				CLANG_ANALYZER_NUMBER_OBJECT_CONVERSION = YES_AGGRESSIVE;
				CLANG_CXX_LANGUAGE_STANDARD = "gnu++20";
				CLANG_ENABLE_MODULES = YES;
				CLANG_ENABLE_OBJC_ARC = YES;
				CLANG_ENABLE_OBJC_WEAK = YES;
				CLANG_WARN_BLOCK_CAPTURE_AUTORELEASING = YES;
				CLANG_WARN_BOOL_CONVERSION = YES;
				CLANG_WARN_COMMA = YES;
				CLANG_WARN_CONSTANT_CONVERSION = YES;
				CLANG_WARN_DEPRECATED_OBJC_IMPLEMENTATIONS = YES;
				CLANG_WARN_DIRECT_OBJC_ISA_USAGE = YES_ERROR;
				CLANG_WARN_DOCUMENTATION_COMMENTS = YES;
				CLANG_WARN_EMPTY_BODY = YES;
				CLANG_WARN_ENUM_CONVERSION = YES;
				CLANG_WARN_INFINITE_RECURSION = YES;
				CLANG_WARN_INT_CONVERSION = YES;
				CLANG_WARN_NON_LITERAL_NULL_CONVERSION = YES;
				CLANG_WARN_OBJC_IMPLICIT_RETAIN_SELF = YES;
				CLANG_WARN_OBJC_LITERAL_CONVERSION = YES;
				CLANG_WARN_OBJC_ROOT_CLASS = YES_ERROR;
				CLANG_WARN_QUOTED_INCLUDE_IN_FRAMEWORK_HEADER = YES;
				CLANG_WARN_RANGE_LOOP_ANALYSIS = YES;
				CLANG_WARN_STRICT_PROTOTYPES = YES;
				CLANG_WARN_SUSPICIOUS_MOVE = YES;
				CLANG_WARN_UNGUARDED_AVAILABILITY = YES_AGGRESSIVE;
				CLANG_WARN_UNREACHABLE_CODE = YES;
				CLANG_WARN__DUPLICATE_METHOD_MATCH = YES;
				COPY_PHASE_STRIP = NO;
				DEBUG_INFORMATION_FORMAT = "dwarf-with-dsym";
				ENABLE_NS_ASSERTIONS = NO;
				ENABLE_STRICT_OBJC_MSGSEND = YES;
				GCC_C_LANGUAGE_STANDARD = gnu11;
				GCC_NO_COMMON_BLOCKS = YES;
				GCC_WARN_64_TO_32_BIT_CONVERSION = YES;
				GCC_WARN_ABOUT_RETURN_TYPE = YES_ERROR;
				GCC_WARN_UNDECLARED_SELECTOR = YES;
				GCC_WARN_UNINITIALIZED_AUTOS = YES_AGGRESSIVE;
				GCC_WARN_UNUSED_FUNCTION = YES;
				GCC_WARN_UNUSED_VARIABLE = YES;
				MACOSX_DEPLOYMENT_TARGET = 13.3;
				MTL_ENABLE_DEBUG_INFO = NO;
				MTL_FAST_MATH = YES;
				SDKROOT = macosx;
				SWIFT_COMPILATION_MODE = wholemodule;
				SWIFT_OPTIMIZATION_LEVEL = "-O";
			};
			name = Release;
		};
		3A605C9E2A8E27370053496F /* Debug */ = {
			isa = XCBuildConfiguration;
			buildSettings = {
				ASSETCATALOG_COMPILER_APPICON_NAME = AppIcon;
				ASSETCATALOG_COMPILER_GLOBAL_ACCENT_COLOR_NAME = AccentColor;
				CODE_SIGN_ENTITLEMENTS = SuperDish/SuperDish.entitlements;
				CODE_SIGN_STYLE = Automatic;
				COMBINE_HIDPI_IMAGES = YES;
				CURRENT_PROJECT_VERSION = 1;
				DEBUG_INFORMATION_FORMAT = "dwarf-with-dsym";
				DEVELOPMENT_ASSET_PATHS = "\"SuperDish/Preview Content\"";
				DEVELOPMENT_TEAM = XGBMX3C35J;
				ENABLE_HARDENED_RUNTIME = YES;
				ENABLE_PREVIEWS = YES;
				GENERATE_INFOPLIST_FILE = YES;
				INFOPLIST_FILE = SuperDish/Info.plist;
				INFOPLIST_KEY_LSApplicationCategoryType = "public.app-category.business";
				INFOPLIST_KEY_NSHumanReadableCopyright = "";
				INFOPLIST_KEY_UIApplicationSceneManifest_Generation = YES;
				INFOPLIST_KEY_UILaunchScreen_Generation = YES;
				INFOPLIST_KEY_UISupportedInterfaceOrientations_iPad = "UIInterfaceOrientationPortrait UIInterfaceOrientationPortraitUpsideDown UIInterfaceOrientationLandscapeLeft UIInterfaceOrientationLandscapeRight";
				INFOPLIST_KEY_UISupportedInterfaceOrientations_iPhone = "UIInterfaceOrientationPortrait UIInterfaceOrientationLandscapeLeft UIInterfaceOrientationLandscapeRight";
				IPHONEOS_DEPLOYMENT_TARGET = 17.0;
				LD_RUNPATH_SEARCH_PATHS = (
					"$(inherited)",
					"@executable_path/../Frameworks",
				);
				MACOSX_DEPLOYMENT_TARGET = 14;
				MARKETING_VERSION = 1.0;
				PRODUCT_BUNDLE_IDENTIFIER = com.bilescu.SuperDish;
				PRODUCT_NAME = "$(TARGET_NAME)";
				SUPPORTED_PLATFORMS = "iphoneos iphonesimulator macosx";
				SUPPORTS_MACCATALYST = NO;
				SWIFT_EMIT_LOC_STRINGS = YES;
				SWIFT_VERSION = 5.0;
				TARGETED_DEVICE_FAMILY = 1;
			};
			name = Debug;
		};
		3A605C9F2A8E27370053496F /* Release */ = {
			isa = XCBuildConfiguration;
			buildSettings = {
				ASSETCATALOG_COMPILER_APPICON_NAME = AppIcon;
				ASSETCATALOG_COMPILER_GLOBAL_ACCENT_COLOR_NAME = AccentColor;
				CODE_SIGN_ENTITLEMENTS = SuperDish/SuperDish.entitlements;
				CODE_SIGN_STYLE = Automatic;
				COMBINE_HIDPI_IMAGES = YES;
				CURRENT_PROJECT_VERSION = 1;
				DEVELOPMENT_ASSET_PATHS = "\"SuperDish/Preview Content\"";
				DEVELOPMENT_TEAM = XGBMX3C35J;
				ENABLE_HARDENED_RUNTIME = YES;
				ENABLE_PREVIEWS = YES;
				GENERATE_INFOPLIST_FILE = YES;
				INFOPLIST_FILE = SuperDish/Info.plist;
				INFOPLIST_KEY_LSApplicationCategoryType = "public.app-category.business";
				INFOPLIST_KEY_NSHumanReadableCopyright = "";
				INFOPLIST_KEY_UIApplicationSceneManifest_Generation = YES;
				INFOPLIST_KEY_UILaunchScreen_Generation = YES;
				INFOPLIST_KEY_UISupportedInterfaceOrientations_iPad = "UIInterfaceOrientationPortrait UIInterfaceOrientationPortraitUpsideDown UIInterfaceOrientationLandscapeLeft UIInterfaceOrientationLandscapeRight";
				INFOPLIST_KEY_UISupportedInterfaceOrientations_iPhone = "UIInterfaceOrientationPortrait UIInterfaceOrientationLandscapeLeft UIInterfaceOrientationLandscapeRight";
				IPHONEOS_DEPLOYMENT_TARGET = 17.0;
				LD_RUNPATH_SEARCH_PATHS = (
					"$(inherited)",
					"@executable_path/../Frameworks",
				);
				MACOSX_DEPLOYMENT_TARGET = 14;
				MARKETING_VERSION = 1.0;
				PRODUCT_BUNDLE_IDENTIFIER = com.bilescu.SuperDish;
				PRODUCT_NAME = "$(TARGET_NAME)";
				SUPPORTED_PLATFORMS = "iphoneos iphonesimulator macosx";
				SUPPORTS_MACCATALYST = NO;
				SWIFT_EMIT_LOC_STRINGS = YES;
				SWIFT_VERSION = 5.0;
				TARGETED_DEVICE_FAMILY = 1;
			};
			name = Release;
		};
		3A605CB02A8F46A90053496F /* Debug */ = {
			isa = XCBuildConfiguration;
			buildSettings = {
				BUNDLE_LOADER = "$(TEST_HOST)";
				CODE_SIGN_STYLE = Automatic;
				CURRENT_PROJECT_VERSION = 1;
				DEVELOPMENT_TEAM = XGBMX3C35J;
				GENERATE_INFOPLIST_FILE = YES;
				MARKETING_VERSION = 1.0;
				PRODUCT_BUNDLE_IDENTIFIER = com.bilescu.SuperDishTests;
				PRODUCT_NAME = "$(TARGET_NAME)";
				SUPPORTED_PLATFORMS = "iphoneos iphonesimulator macosx";
				SUPPORTS_MACCATALYST = NO;
				SWIFT_EMIT_LOC_STRINGS = NO;
				SWIFT_VERSION = 5.0;
				TARGETED_DEVICE_FAMILY = 1;
				TEST_HOST = "$(BUILT_PRODUCTS_DIR)/SuperDish.app/$(BUNDLE_EXECUTABLE_FOLDER_PATH)/SuperDish";
			};
			name = Debug;
		};
		3A605CB12A8F46A90053496F /* Release */ = {
			isa = XCBuildConfiguration;
			buildSettings = {
				BUNDLE_LOADER = "$(TEST_HOST)";
				CODE_SIGN_STYLE = Automatic;
				CURRENT_PROJECT_VERSION = 1;
				DEVELOPMENT_TEAM = XGBMX3C35J;
				GENERATE_INFOPLIST_FILE = YES;
				MARKETING_VERSION = 1.0;
				PRODUCT_BUNDLE_IDENTIFIER = com.bilescu.SuperDishTests;
				PRODUCT_NAME = "$(TARGET_NAME)";
				SUPPORTED_PLATFORMS = "iphoneos iphonesimulator macosx";
				SUPPORTS_MACCATALYST = NO;
				SWIFT_EMIT_LOC_STRINGS = NO;
				SWIFT_VERSION = 5.0;
				TARGETED_DEVICE_FAMILY = 1;
				TEST_HOST = "$(BUILT_PRODUCTS_DIR)/SuperDish.app/$(BUNDLE_EXECUTABLE_FOLDER_PATH)/SuperDish";
			};
			name = Release;
		};
/* End XCBuildConfiguration section */

/* Begin XCConfigurationList section */
		3A605C842A8E27350053496F /* Build configuration list for PBXProject "SuperDish" */ = {
			isa = XCConfigurationList;
			buildConfigurations = (
				3A605C9B2A8E27370053496F /* Debug */,
				3A605C9C2A8E27370053496F /* Release */,
			);
			defaultConfigurationIsVisible = 0;
			defaultConfigurationName = Release;
		};
		3A605C9D2A8E27370053496F /* Build configuration list for PBXNativeTarget "SuperDish" */ = {
			isa = XCConfigurationList;
			buildConfigurations = (
				3A605C9E2A8E27370053496F /* Debug */,
				3A605C9F2A8E27370053496F /* Release */,
			);
			defaultConfigurationIsVisible = 0;
			defaultConfigurationName = Release;
		};
		3A605CB22A8F46A90053496F /* Build configuration list for PBXNativeTarget "SuperDishTests" */ = {
			isa = XCConfigurationList;
			buildConfigurations = (
				3A605CB02A8F46A90053496F /* Debug */,
				3A605CB12A8F46A90053496F /* Release */,
			);
			defaultConfigurationIsVisible = 0;
			defaultConfigurationName = Release;
		};
/* End XCConfigurationList section */

/* Begin XCSwiftPackageProductDependency section */
		3A31BE9C2B73DFA100872640 /* MainDish */ = {
			isa = XCSwiftPackageProductDependency;
			productName = MainDish;
		};
/* End XCSwiftPackageProductDependency section */
	};
	rootObject = 3A605C812A8E27350053496F /* Project object */;
}
